{
  "name": "thirty-one",
  "version": "1.0.0",
  "lockfileVersion": 3,
  "requires": true,
  "packages": {
    "": {
      "name": "thirty-one",
      "version": "1.0.0",
      "license": "MIT",
      "dependencies": {
        "big-brain.js": "^2.0.2"
      }
    },
    "node_modules/big-brain.js": {
      "version": "2.0.2",
      "resolved": "https://registry.npmjs.org/big-brain.js/-/big-brain.js-2.0.2.tgz",
      "integrity": "sha512-bNSHmrwfH/hRsgomw6Mcu+uP8NfEd3Vr9UcMF0TDH6jVGIUgXoGBy4VjA7mQGcjAagnI6/KqH6B6l1Vneyxnaw==",
      "license": "Apache-2.0"
    }
  }
}
